{
  "version": "5",
  "specifiers": {
    "jsr:@akin01/deno-redis@~0.1.1": "0.1.1",
    "jsr:@std/assert@1": "1.0.19",
    "jsr:@std/async@^1.0.13": "1.2.0",
    "jsr:@std/bytes@^1.0.6": "1.0.6",
    "jsr:@std/internal@^1.0.12": "1.0.12",
    "jsr:@std/streams@^1.0.10": "1.0.17"
  },
  "jsr": {
    "@akin01/deno-redis@0.1.1": {
      "integrity": "676c619584b5fabf885482e035889ac5c8b9f2c1c9f2fced59dca4bc55f316dc",
      "dependencies": [
        "jsr:@std/async",
        "jsr:@std/streams"
      ]
    },
    "@std/assert@1.0.19": {
      "integrity": "eaada96ee120cb980bc47e040f82814d786fe8162ecc53c91d8df60b8755991e",
      "dependencies": [
        "jsr:@std/internal"
      ]
    },
    "@std/async@1.2.0": {
      "integrity": "c059c6f6d95ca7cc012ae8e8d7164d1697113d54b0b679e4372b354b11c2dee5"
    },
    "@std/bytes@1.0.6": {
      "integrity": "f6ac6adbd8ccd99314045f5703e23af0a68d7f7e58364b47d2c7f408aeb5820a"
    },
    "@std/internal@1.0.12": {
      "integrity": "972a634fd5bc34b242024402972cd5143eac68d8dffaca5eaa4dba30ce17b027"
    },
    "@std/streams@1.0.17": {
      "integrity": "7859f3d9deed83cf4b41f19223d4a67661b3d3819e9fc117698f493bf5992140",
      "dependencies": [
        "jsr:@std/bytes"
      ]
    }
  },
  "workspace": {
    "dependencies": [
      "jsr:@akin01/deno-redis@~0.1.1",
      "jsr:@std/assert@1"
    ]
  }
}
